
Microsoft Visual Studio Solution File, Format Version 12.00
# Visual Studio Version 16
VisualStudioVersion = 16.0.31112.23
MinimumVisualStudioVersion = 10.0.40219.1
Project("{FAE04EC0-301F-11D3-BF4B-00C04F79EFBC}") = "leave-management", "leave-management\leave-management.csproj", "{A46E3A5D-E16B-47DB-8510-7DDCCA0CB6F8}"
EndProject
Global
	GlobalSection(SolutionConfigurationPlatforms) = preSolution
		Debug|Any CPU = Debug|Any CPU
		Release|Any CPU = Release|Any CPU
	EndGlobalSection
	GlobalSection(ProjectConfigurationPlatforms) = postSolution
		{A46E3A5D-E16B-47DB-8510-7DDCCA0CB6F8}.Debug|Any CPU.ActiveCfg = Debug|Any CPU
		{A46E3A5D-E16B-47DB-8510-7DDCCA0CB6F8}.Debug|Any CPU.Build.0 = Debug|Any CPU
		{A46E3A5D-E16B-47DB-8510-7DDCCA0CB6F8}.Release|Any CPU.ActiveCfg = Release|Any CPU
		{A46E3A5D-E16B-47DB-8510-7DDCCA0CB6F8}.Release|Any CPU.Build.0 = Release|Any CPU
	EndGlobalSection
	GlobalSection(SolutionProperties) = preSolution
		HideSolutionNode = FALSE
	EndGlobalSection
	GlobalSection(ExtensibilityGlobals) = postSolution
		SolutionGuid = {8967A575-2958-49B9-8D40-40F15CE143DD}
	EndGlobalSection
EndGlobal
